// !$*UTF8*$!
{
	archiveVersion = 1;
	classes = {
	};
	objectVersion = 50;
	objects = {

/* Begin PBXBuildFile section */
		6D30B3B320C59CC900ABF320 /* AppDelegate.swift in Sources */ = {isa = PBXBuildFile; fileRef = 6D30B3B220C59CC900ABF320 /* AppDelegate.swift */; };
		6D30B3B820C59CC900ABF320 /* Main.storyboard in Resources */ = {isa = PBXBuildFile; fileRef = 6D30B3B620C59CC900ABF320 /* Main.storyboard */; };
		6D30B3BA20C59CCA00ABF320 /* Assets.xcassets in Resources */ = {isa = PBXBuildFile; fileRef = 6D30B3B920C59CCA00ABF320 /* Assets.xcassets */; };
		6D30B3BD20C59CCA00ABF320 /* LaunchScreen.storyboard in Resources */ = {isa = PBXBuildFile; fileRef = 6D30B3BB20C59CCA00ABF320 /* LaunchScreen.storyboard */; };
		6D30B3C520C59D5500ABF320 /* PostsTableViewController.swift in Sources */ = {isa = PBXBuildFile; fileRef = 6D30B3C420C59D5500ABF320 /* PostsTableViewController.swift */; };
		6D30B3C720C59EE900ABF320 /* PostsTableViewCell.swift in Sources */ = {isa = PBXBuildFile; fileRef = 6D30B3C620C59EE800ABF320 /* PostsTableViewCell.swift */; };
		6D30B3C920C5A22700ABF320 /* NertworkManager.swift in Sources */ = {isa = PBXBuildFile; fileRef = 6D30B3C820C5A22700ABF320 /* NertworkManager.swift */; };
		CC25AEB2528BDEA78ED1C032 /* Pods_Small_Social_App.framework in Frameworks */ = {isa = PBXBuildFile; fileRef = F243295AC606245FA863AD6D /* Pods_Small_Social_App.framework */; };
/* End PBXBuildFile section */

/* Begin PBXFileReference section */
		6D30B3AF20C59CC900ABF320 /* Small Social App.app */ = {isa = PBXFileReference; explicitFileType = wrapper.application; includeInIndex = 0; path = "Small Social App.app"; sourceTree = BUILT_PRODUCTS_DIR; };
		6D30B3B220C59CC900ABF320 /* AppDelegate.swift */ = {isa = PBXFileReference; lastKnownFileType = sourcecode.swift; path = AppDelegate.swift; sourceTree = "<group>"; };
		6D30B3B720C59CC900ABF320 /* Base */ = {isa = PBXFileReference; lastKnownFileType = file.storyboard; name = Base; path = Base.lproj/Main.storyboard; sourceTree = "<group>"; };
		6D30B3B920C59CCA00ABF320 /* Assets.xcassets */ = {isa = PBXFileReference; lastKnownFileType = folder.assetcatalog; path = Assets.xcassets; sourceTree = "<group>"; };
		6D30B3BC20C59CCA00ABF320 /* Base */ = {isa = PBXFileReference; lastKnownFileType = file.storyboard; name = Base; path = Base.lproj/LaunchScreen.storyboard; sourceTree = "<group>"; };
		6D30B3BE20C59CCA00ABF320 /* Info.plist */ = {isa = PBXFileReference; lastKnownFileType = text.plist.xml; path = Info.plist; sourceTree = "<group>"; };
		6D30B3C420C59D5500ABF320 /* PostsTableViewController.swift */ = {isa = PBXFileReference; lastKnownFileType = sourcecode.swift; path = PostsTableViewController.swift; sourceTree = "<group>"; };
		6D30B3C620C59EE800ABF320 /* PostsTableViewCell.swift */ = {isa = PBXFileReference; lastKnownFileType = sourcecode.swift; path = PostsTableViewCell.swift; sourceTree = "<group>"; };
		6D30B3C820C5A22700ABF320 /* NertworkManager.swift */ = {isa = PBXFileReference; lastKnownFileType = sourcecode.swift; path = NertworkManager.swift; sourceTree = "<group>"; };
		6E6DC1E5ACD2C1D5B275AC32 /* Pods-Small Social App.release.xcconfig */ = {isa = PBXFileReference; includeInIndex = 1; lastKnownFileType = text.xcconfig; name = "Pods-Small Social App.release.xcconfig"; path = "Pods/Target Support Files/Pods-Small Social App/Pods-Small Social App.release.xcconfig"; sourceTree = "<group>"; };
		ED16B7802A744836B88C9CCF /* Pods-Small Social App.debug.xcconfig */ = {isa = PBXFileReference; includeInIndex = 1; lastKnownFileType = text.xcconfig; name = "Pods-Small Social App.debug.xcconfig"; path = "Pods/Target Support Files/Pods-Small Social App/Pods-Small Social App.debug.xcconfig"; sourceTree = "<group>"; };
		F243295AC606245FA863AD6D /* Pods_Small_Social_App.framework */ = {isa = PBXFileReference; explicitFileType = wrapper.framework; includeInIndex = 0; path = Pods_Small_Social_App.framework; sourceTree = BUILT_PRODUCTS_DIR; };
/* End PBXFileReference section */

/* Begin PBXFrameworksBuildPhase section */
		6D30B3AC20C59CC900ABF320 /* Frameworks */ = {
			isa = PBXFrameworksBuildPhase;
			buildActionMask = 2147483647;
			files = (
				CC25AEB2528BDEA78ED1C032 /* Pods_Small_Social_App.framework in Frameworks */,
			);
			runOnlyForDeploymentPostprocessing = 0;
		};
/* End PBXFrameworksBuildPhase section */

/* Begin PBXGroup section */
		511726863EC2487A8D103F85 /* Frameworks */ = {
			isa = PBXGroup;
			children = (
				F243295AC606245FA863AD6D /* Pods_Small_Social_App.framework */,
			);
			name = Frameworks;
			sourceTree = "<group>";
		};
		657688F13507B23AEF7430B0 /* Pods */ = {
			isa = PBXGroup;
			children = (
				ED16B7802A744836B88C9CCF /* Pods-Small Social App.debug.xcconfig */,
				6E6DC1E5ACD2C1D5B275AC32 /* Pods-Small Social App.release.xcconfig */,
			);
			name = Pods;
			sourceTree = "<group>";
		};
		6D30B3A620C59CC900ABF320 = {
			isa = PBXGroup;
			children = (
				6D30B3B120C59CC900ABF320 /* Small Social App */,
				6D30B3B020C59CC900ABF320 /* Products */,
				657688F13507B23AEF7430B0 /* Pods */,
				511726863EC2487A8D103F85 /* Frameworks */,
			);
			sourceTree = "<group>";
		};
		6D30B3B020C59CC900ABF320 /* Products */ = {
			isa = PBXGroup;
			children = (
				6D30B3AF20C59CC900ABF320 /* Small Social App.app */,
			);
			name = Products;
			sourceTree = "<group>";
		};
		6D30B3B120C59CC900ABF320 /* Small Social App */ = {
			isa = PBXGroup;
			children = (
				6D30B3B220C59CC900ABF320 /* AppDelegate.swift */,
				6D30B3C820C5A22700ABF320 /* NertworkManager.swift */,
				6D30B3C420C59D5500ABF320 /* PostsTableViewController.swift */,
				6D30B3C620C59EE800ABF320 /* PostsTableViewCell.swift */,
				6D30B3B620C59CC900ABF320 /* Main.storyboard */,
				6D30B3B920C59CCA00ABF320 /* Assets.xcassets */,
				6D30B3BB20C59CCA00ABF320 /* LaunchScreen.storyboard */,
				6D30B3BE20C59CCA00ABF320 /* Info.plist */,
			);
			path = "Small Social App";
			sourceTree = "<group>";
		};
/* End PBXGroup section */

/* Begin PBXNativeTarget section */
		6D30B3AE20C59CC900ABF320 /* Small Social App */ = {
			isa = PBXNativeTarget;
			buildConfigurationList = 6D30B3C120C59CCA00ABF320 /* Build configuration list for PBXNativeTarget "Small Social App" */;
			buildPhases = (
				77E6D47BB58F8867CA331B62 /* [CP] Check Pods Manifest.lock */,
				6D30B3AB20C59CC900ABF320 /* Sources */,
				6D30B3AC20C59CC900ABF320 /* Frameworks */,
				6D30B3AD20C59CC900ABF320 /* Resources */,
				630DA24AF46E6F6EE84E0139 /* [CP] Embed Pods Frameworks */,
			);
			buildRules = (
			);
			dependencies = (
			);
			name = "Small Social App";
			productName = "Small Social App";
			productReference = 6D30B3AF20C59CC900ABF320 /* Small Social App.app */;
			productType = "com.apple.product-type.application";
		};
/* End PBXNativeTarget section */

/* Begin PBXProject section */
		6D30B3A720C59CC900ABF320 /* Project object */ = {
			isa = PBXProject;
			attributes = {
				LastSwiftUpdateCheck = 0930;
				LastUpgradeCheck = 0930;
				ORGANIZATIONNAME = Skrumble;
				TargetAttributes = {
					6D30B3AE20C59CC900ABF320 = {
						CreatedOnToolsVersion = 9.3;
					};
				};
			};
			buildConfigurationList = 6D30B3AA20C59CC900ABF320 /* Build configuration list for PBXProject "Small Social App" */;
			compatibilityVersion = "Xcode 9.3";
			developmentRegion = en;
			hasScannedForEncodings = 0;
			knownRegions = (
				en,
				Base,
			);
			mainGroup = 6D30B3A620C59CC900ABF320;
			productRefGroup = 6D30B3B020C59CC900ABF320 /* Products */;
			projectDirPath = "";
			projectRoot = "";
			targets = (
				6D30B3AE20C59CC900ABF320 /* Small Social App */,
			);
		};
/* End PBXProject section */

/* Begin PBXResourcesBuildPhase section */
		6D30B3AD20C59CC900ABF320 /* Resources */ = {
			isa = PBXResourcesBuildPhase;
			buildActionMask = 2147483647;
			files = (
				6D30B3BD20C59CCA00ABF320 /* LaunchScreen.storyboard in Resources */,
				6D30B3BA20C59CCA00ABF320 /* Assets.xcassets in Resources */,
				6D30B3B820C59CC900ABF320 /* Main.storyboard in Resources */,
			);
			runOnlyForDeploymentPostprocessing = 0;
		};
/* End PBXResourcesBuildPhase section */

/* Begin PBXShellScriptBuildPhase section */
		630DA24AF46E6F6EE84E0139 /* [CP] Embed Pods Frameworks */ = {
			isa = PBXShellScriptBuildPhase;
			buildActionMask = 2147483647;
			files = (
			);
			inputPaths = (
				"${SRCROOT}/Pods/Target Support Files/Pods-Small Social App/Pods-Small Social App-frameworks.sh",
				"${BUILT_PRODUCTS_DIR}/Alamofire/Alamofire.framework",
				"${BUILT_PRODUCTS_DIR}/FLAnimatedImage/FLAnimatedImage.framework",
				"${BUILT_PRODUCTS_DIR}/SDWebImage/SDWebImage.framework",
			);
			name = "[CP] Embed Pods Frameworks";
			outputPaths = (
				"${TARGET_BUILD_DIR}/${FRAMEWORKS_FOLDER_PATH}/Alamofire.framework",
				"${TARGET_BUILD_DIR}/${FRAMEWORKS_FOLDER_PATH}/FLAnimatedImage.framework",
				"${TARGET_BUILD_DIR}/${FRAMEWORKS_FOLDER_PATH}/SDWebImage.framework",
			);
			runOnlyForDeploymentPostprocessing = 0;
			shellPath = /bin/sh;
			shellScript = "\"${SRCROOT}/Pods/Target Support Files/Pods-Small Social App/Pods-Small Social App-frameworks.sh\"\n";
			showEnvVarsInLog = 0;
		};
		77E6D47BB58F8867CA331B62 /* [CP] Check Pods Manifest.lock */ = {
			isa = PBXShellScriptBuildPhase;
			buildActionMask = 2147483647;
			files = (
			);
			inputPaths = (
				"${PODS_PODFILE_DIR_PATH}/Podfile.lock",
				"${PODS_ROOT}/Manifest.lock",
			);
			name = "[CP] Check Pods Manifest.lock";
			outputPaths = (
				"$(DERIVED_FILE_DIR)/Pods-Small Social App-checkManifestLockResult.txt",
			);
			runOnlyForDeploymentPostprocessing = 0;
			shellPath = /bin/sh;
			shellScript = "diff \"${PODS_PODFILE_DIR_PATH}/Podfile.lock\" \"${PODS_ROOT}/Manifest.lock\" > /dev/null\nif [ $? != 0 ] ; then\n    # print error to STDERR\n    echo \"error: The sandbox is not in sync with the Podfile.lock. Run 'pod install' or update your CocoaPods installation.\" >&2\n    exit 1\nfi\n# This output is used by Xcode 'outputs' to avoid re-running this script phase.\necho \"SUCCESS\" > \"${SCRIPT_OUTPUT_FILE_0}\"\n";
			showEnvVarsInLog = 0;
		};
/* End PBXShellScriptBuildPhase section */

/* Begin PBXSourcesBuildPhase section */
		6D30B3AB20C59CC900ABF320 /* Sources */ = {
			isa = PBXSourcesBuildPhase;
			buildActionMask = 2147483647;
			files = (
				6D30B3C520C59D5500ABF320 /* PostsTableViewController.swift in Sources */,
				6D30B3B320C59CC900ABF320 /* AppDelegate.swift in Sources */,
				6D30B3C720C59EE900ABF320 /* PostsTableViewCell.swift in Sources */,
				6D30B3C920C5A22700ABF320 /* NertworkManager.swift in Sources */,
			);
			runOnlyForDeploymentPostprocessing = 0;
		};
/* End PBXSourcesBuildPhase section */

/* Begin PBXVariantGroup section */
		6D30B3B620C59CC900ABF320 /* Main.storyboard */ = {
			isa = PBXVariantGroup;
			children = (
				6D30B3B720C59CC900ABF320 /* Base */,
			);
			name = Main.storyboard;
			sourceTree = "<group>";
		};
		6D30B3BB20C59CCA00ABF320 /* LaunchScreen.storyboard */ = {
			isa = PBXVariantGroup;
			children = (
				6D30B3BC20C59CCA00ABF320 /* Base */,
			);
			name = LaunchScreen.storyboard;
			sourceTree = "<group>";
		};
/* End PBXVariantGroup section */

/* Begin XCBuildConfiguration section */
		6D30B3BF20C59CCA00ABF320 /* Debug */ = {
			isa = XCBuildConfiguration;
			buildSettings = {
				ALWAYS_SEARCH_USER_PATHS = NO;
				CLANG_ANALYZER_NONNULL = YES;
				CLANG_ANALYZER_NUMBER_OBJECT_CONVERSION = YES_AGGRESSIVE;
				CLANG_CXX_LANGUAGE_STANDARD = "gnu++14";
				CLANG_CXX_LIBRARY = "libc++";
				CLANG_ENABLE_MODULES = YES;
				CLANG_ENABLE_OBJC_ARC = YES;
				CLANG_ENABLE_OBJC_WEAK = YES;
				CLANG_WARN_BLOCK_CAPTURE_AUTORELEASING = YES;
				CLANG_WARN_BOOL_CONVERSION = YES;
				CLANG_WARN_COMMA = YES;
				CLANG_WARN_CONSTANT_CONVERSION = YES;
				CLANG_WARN_DEPRECATED_OBJC_IMPLEMENTATIONS = YES;
				CLANG_WARN_DIRECT_OBJC_ISA_USAGE = YES_ERROR;
				CLANG_WARN_DOCUMENTATION_COMMENTS = YES;
				CLANG_WARN_EMPTY_BODY = YES;
				CLANG_WARN_ENUM_CONVERSION = YES;
				CLANG_WARN_INFINITE_RECURSION = YES;
				CLANG_WARN_INT_CONVERSION = YES;
				CLANG_WARN_NON_LITERAL_NULL_CONVERSION = YES;
				CLANG_WARN_OBJC_IMPLICIT_RETAIN_SELF = YES;
				CLANG_WARN_OBJC_LITERAL_CONVERSION = YES;
				CLANG_WARN_OBJC_ROOT_CLASS = YES_ERROR;
				CLANG_WARN_RANGE_LOOP_ANALYSIS = YES;
				CLANG_WARN_STRICT_PROTOTYPES = YES;
				CLANG_WARN_SUSPICIOUS_MOVE = YES;
				CLANG_WARN_UNGUARDED_AVAILABILITY = YES_AGGRESSIVE;
				CLANG_WARN_UNREACHABLE_CODE = YES;
				CLANG_WARN__DUPLICATE_METHOD_MATCH = YES;
				CODE_SIGN_IDENTITY = "iPhone Developer";
				COPY_PHASE_STRIP = NO;
				DEBUG_INFORMATION_FORMAT = dwarf;
				ENABLE_STRICT_OBJC_MSGSEND = YES;
				ENABLE_TESTABILITY = YES;
				GCC_C_LANGUAGE_STANDARD = gnu11;
				GCC_DYNAMIC_NO_PIC = NO;
				GCC_NO_COMMON_BLOCKS = YES;
				GCC_OPTIMIZATION_LEVEL = 0;
				GCC_PREPROCESSOR_DEFINITIONS = (
					"DEBUG=1",
					"$(inherited)",
				);
				GCC_WARN_64_TO_32_BIT_CONVERSION = YES;
				GCC_WARN_ABOUT_RETURN_TYPE = YES_ERROR;
				GCC_WARN_UNDECLARED_SELECTOR = YES;
				GCC_WARN_UNINITIALIZED_AUTOS = YES_AGGRESSIVE;
				GCC_WARN_UNUSED_FUNCTION = YES;
				GCC_WARN_UNUSED_VARIABLE = YES;
				IPHONEOS_DEPLOYMENT_TARGET = 11.3;
				MTL_ENABLE_DEBUG_INFO = YES;
				ONLY_ACTIVE_ARCH = YES;
				SDKROOT = iphoneos;
				SWIFT_ACTIVE_COMPILATION_CONDITIONS = DEBUG;
				SWIFT_OPTIMIZATION_LEVEL = "-Onone";
			};
			name = Debug;
		};
		6D30B3C020C59CCA00ABF320 /* Release */ = {
			isa = XCBuildConfiguration;
			buildSettings = {
				ALWAYS_SEARCH_USER_PATHS = NO;
				CLANG_ANALYZER_NONNULL = YES;
				CLANG_ANALYZER_NUMBER_OBJECT_CONVERSION = YES_AGGRESSIVE;
				CLANG_CXX_LANGUAGE_STANDARD = "gnu++14";
				CLANG_CXX_LIBRARY = "libc++";
				CLANG_ENABLE_MODULES = YES;
				CLANG_ENABLE_OBJC_ARC = YES;
				CLANG_ENABLE_OBJC_WEAK = YES;
				CLANG_WARN_BLOCK_CAPTURE_AUTORELEASING = YES;
				CLANG_WARN_BOOL_CONVERSION = YES;
				CLANG_WARN_COMMA = YES;
				CLANG_WARN_CONSTANT_CONVERSION = YES;
				CLANG_WARN_DEPRECATED_OBJC_IMPLEMENTATIONS = YES;
				CLANG_WARN_DIRECT_OBJC_ISA_USAGE = YES_ERROR;
				CLANG_WARN_DOCUMENTATION_COMMENTS = YES;
				CLANG_WARN_EMPTY_BODY = YES;
				CLANG_WARN_ENUM_CONVERSION = YES;
				CLANG_WARN_INFINITE_RECURSION = YES;
				CLANG_WARN_INT_CONVERSION = YES;
				CLANG_WARN_NON_LITERAL_NULL_CONVERSION = YES;
				CLANG_WARN_OBJC_IMPLICIT_RETAIN_SELF = YES;
				CLANG_WARN_OBJC_LITERAL_CONVERSION = YES;
				CLANG_WARN_OBJC_ROOT_CLASS = YES_ERROR;
				CLANG_WARN_RANGE_LOOP_ANALYSIS = YES;
				CLANG_WARN_STRICT_PROTOTYPES = YES;
				CLANG_WARN_SUSPICIOUS_MOVE = YES;
				CLANG_WARN_UNGUARDED_AVAILABILITY = YES_AGGRESSIVE;
				CLANG_WARN_UNREACHABLE_CODE = YES;
				CLANG_WARN__DUPLICATE_METHOD_MATCH = YES;
				CODE_SIGN_IDENTITY = "iPhone Developer";
				COPY_PHASE_STRIP = NO;
				DEBUG_INFORMATION_FORMAT = "dwarf-with-dsym";
				ENABLE_NS_ASSERTIONS = NO;
				ENABLE_STRICT_OBJC_MSGSEND = YES;
				GCC_C_LANGUAGE_STANDARD = gnu11;
				GCC_NO_COMMON_BLOCKS = YES;
				GCC_WARN_64_TO_32_BIT_CONVERSION = YES;
				GCC_WARN_ABOUT_RETURN_TYPE = YES_ERROR;
				GCC_WARN_UNDECLARED_SELECTOR = YES;
				GCC_WARN_UNINITIALIZED_AUTOS = YES_AGGRESSIVE;
				GCC_WARN_UNUSED_FUNCTION = YES;
				GCC_WARN_UNUSED_VARIABLE = YES;
				IPHONEOS_DEPLOYMENT_TARGET = 11.3;
				MTL_ENABLE_DEBUG_INFO = NO;
				SDKROOT = iphoneos;
				SWIFT_COMPILATION_MODE = wholemodule;
				SWIFT_OPTIMIZATION_LEVEL = "-O";
				VALIDATE_PRODUCT = YES;
			};
			name = Release;
		};
		6D30B3C220C59CCA00ABF320 /* Debug */ = {
			isa = XCBuildConfiguration;
			baseConfigurationReference = ED16B7802A744836B88C9CCF /* Pods-Small Social App.debug.xcconfig */;
			buildSettings = {
				ASSETCATALOG_COMPILER_APPICON_NAME = AppIcon;
				CODE_SIGN_STYLE = Automatic;
				DEVELOPMENT_TEAM = AGH92UTHUF;
				INFOPLIST_FILE = "Small Social App/Info.plist";
				IPHONEOS_DEPLOYMENT_TARGET = 10.0;
				LD_RUNPATH_SEARCH_PATHS = (
					"$(inherited)",
					"@executable_path/Frameworks",
				);
				PRODUCT_BUNDLE_IDENTIFIER = "com.skrumble.Small-Social-App";
				PRODUCT_NAME = "$(TARGET_NAME)";
				SWIFT_VERSION = 4.0;
				TARGETED_DEVICE_FAMILY = "1,2";
			};
			name = Debug;
		};
		6D30B3C320C59CCA00ABF320 /* Release */ = {
			isa = XCBuildConfiguration;
			baseConfigurationReference = 6E6DC1E5ACD2C1D5B275AC32 /* Pods-Small Social App.release.xcconfig */;
			buildSettings = {
				ASSETCATALOG_COMPILER_APPICON_NAME = AppIcon;
				CODE_SIGN_STYLE = Automatic;
				DEVELOPMENT_TEAM = AGH92UTHUF;
				INFOPLIST_FILE = "Small Social App/Info.plist";
				IPHONEOS_DEPLOYMENT_TARGET = 10.0;
				LD_RUNPATH_SEARCH_PATHS = (
					"$(inherited)",
					"@executable_path/Frameworks",
				);
				PRODUCT_BUNDLE_IDENTIFIER = "com.skrumble.Small-Social-App";
				PRODUCT_NAME = "$(TARGET_NAME)";
				SWIFT_VERSION = 4.0;
				TARGETED_DEVICE_FAMILY = "1,2";
			};
			name = Release;
		};
/* End XCBuildConfiguration section */

/* Begin XCConfigurationList section */
		6D30B3AA20C59CC900ABF320 /* Build configuration list for PBXProject "Small Social App" */ = {
			isa = XCConfigurationList;
			buildConfigurations = (
				6D30B3BF20C59CCA00ABF320 /* Debug */,
				6D30B3C020C59CCA00ABF320 /* Release */,
			);
			defaultConfigurationIsVisible = 0;
			defaultConfigurationName = Release;
		};
		6D30B3C120C59CCA00ABF320 /* Build configuration list for PBXNativeTarget "Small Social App" */ = {
			isa = XCConfigurationList;
			buildConfigurations = (
				6D30B3C220C59CCA00ABF320 /* Debug */,
				6D30B3C320C59CCA00ABF320 /* Release */,
			);
			defaultConfigurationIsVisible = 0;
			defaultConfigurationName = Release;
		};
/* End XCConfigurationList section */
	};
	rootObject = 6D30B3A720C59CC900ABF320 /* Project object */;
}
